// !$*UTF8*$!
{
	archiveVersion = 1;
	classes = {
	};
	objectVersion = 110;
	objects = {

/* Begin PBXBuildFile section */
		BA0000000000000000000022 /* RackWidgets.appex in Embed Foundation Extensions */ = {isa = PBXBuildFile; fileRef = BA000000000000000000001A /* RackWidgets.appex */; settings = {ATTRIBUTES = (RemoveHeadersOnCopy, ); }; };
/* End PBXBuildFile section */

/* Begin PBXContainerItemProxy section */
		BA0000000000000000000010 /* PBXContainerItemProxy */ = {
			isa = PBXContainerItemProxy;
			containerPortal = BA0000000000000000000001 /* Project object */;
			proxyType = 1;
			remoteGlobalIDString = BA0000000000000000000008;
			remoteInfo = Rack;
		};
		BA0000000000000000000024 /* PBXContainerItemProxy */ = {
			isa = PBXContainerItemProxy;
			containerPortal = BA0000000000000000000001 /* Project object */;
			proxyType = 1;
			remoteGlobalIDString = BA000000000000000000001D;
			remoteInfo = RackWidgets;
		};
/* End PBXContainerItemProxy section */

/* Begin PBXFileReference section */
		BA0000000000000000000004 /* Rack.app */ = {isa = PBXFileReference; explicitFileType = wrapper.application; includeInIndex = 0; path = Rack.app; sourceTree = BUILT_PRODUCTS_DIR; };
		BA0000000000000000000005 /* RackTests.xctest */ = {isa = PBXFileReference; explicitFileType = wrapper.cfbundle; includeInIndex = 0; path = RackTests.xctest; sourceTree = BUILT_PRODUCTS_DIR; };
		BA000000000000000000001A /* RackWidgets.appex */ = {isa = PBXFileReference; explicitFileType = "wrapper.app-extension"; includeInIndex = 0; path = RackWidgets.appex; sourceTree = BUILT_PRODUCTS_DIR; };
/* End PBXFileReference section */

/* Begin PBXFileSystemSynchronizedRootGroup section */
		BA0000000000000000000006 /* Rack */ = {
			isa = PBXFileSystemSynchronizedRootGroup;
			path = Rack;
			sourceTree = "<group>";
		};
		BA0000000000000000000007 /* RackTests */ = {
			isa = PBXFileSystemSynchronizedRootGroup;
			path = RackTests;
			sourceTree = "<group>";
		};
		BA000000000000000000001B /* RackWidgets */ = {
			isa = PBXFileSystemSynchronizedRootGroup;
			path = RackWidgets;
			sourceTree = "<group>";
		};
		BA000000000000000000001C /* Shared */ = {
			isa = PBXFileSystemSynchronizedRootGroup;
			path = Shared;
			sourceTree = "<group>";
		};
/* End PBXFileSystemSynchronizedRootGroup section */

/* Begin PBXFrameworksBuildPhase section */
		BA000000000000000000000B /* Frameworks */ = {
			isa = PBXFrameworksBuildPhase;
			files = (
			);
		};
		BA000000000000000000000E /* Frameworks */ = {
			isa = PBXFrameworksBuildPhase;
			files = (
			);
		};
		BA000000000000000000001F /* Frameworks */ = {
			isa = PBXFrameworksBuildPhase;
			files = (
			);
		};
/* End PBXFrameworksBuildPhase section */

/* Begin PBXCopyFilesBuildPhase section */
		BA0000000000000000000021 /* Embed Foundation Extensions */ = {
			isa = PBXCopyFilesBuildPhase;
			buildActionMask = 2147483647;
			dstPath = "";
			dstSubfolderSpec = 13;
			files = (
				BA0000000000000000000022 /* RackWidgets.appex in Embed Foundation Extensions */,
			);
			name = "Embed Foundation Extensions";
			runOnlyForDeploymentPostprocessing = 0;
		};
/* End PBXCopyFilesBuildPhase section */

/* Begin PBXGroup section */
		BA0000000000000000000002 = {
			isa = PBXGroup;
			children = (
				BA0000000000000000000006 /* Rack */,
				BA000000000000000000001C /* Shared */,
				BA000000000000000000001B /* RackWidgets */,
				BA0000000000000000000007 /* RackTests */,
				BA0000000000000000000003 /* Products */,
			);
			sourceTree = "<group>";
		};
		BA0000000000000000000003 /* Products */ = {
			isa = PBXGroup;
			children = (
				BA0000000000000000000004 /* Rack.app */,
				BA000000000000000000001A /* RackWidgets.appex */,
				BA0000000000000000000005 /* RackTests.xctest */,
			);
			name = Products;
			sourceTree = "<group>";
		};
/* End PBXGroup section */

/* Begin PBXNativeTarget section */
		BA0000000000000000000008 /* Rack */ = {
			isa = PBXNativeTarget;
			buildConfigurationList = BA0000000000000000000014 /* Build configuration list for PBXNativeTarget "Rack" */;
			buildPhases = (
				BA000000000000000000000A /* Sources */,
				BA000000000000000000000B /* Frameworks */,
				BA000000000000000000000C /* Resources */,
				BA0000000000000000000021 /* Embed Foundation Extensions */,
			);
			buildRules = (
			);
			dependencies = (
				BA0000000000000000000023 /* PBXTargetDependency */,
			);
			fileSystemSynchronizedGroups = (
				BA0000000000000000000006 /* Rack */,
				BA000000000000000000001C /* Shared */,
			);
			name = Rack;
			productName = Rack;
			productReference = BA0000000000000000000004 /* Rack.app */;
			productType = "com.apple.product-type.application";
		};
		BA0000000000000000000009 /* RackTests */ = {
			isa = PBXNativeTarget;
			buildConfigurationList = BA0000000000000000000017 /* Build configuration list for PBXNativeTarget "RackTests" */;
			buildPhases = (
				BA000000000000000000000D /* Sources */,
				BA000000000000000000000E /* Frameworks */,
			);
			buildRules = (
			);
			dependencies = (
				BA000000000000000000000F /* PBXTargetDependency */,
			);
			fileSystemSynchronizedGroups = (
				BA0000000000000000000007 /* RackTests */,
			);
			name = RackTests;
			productName = RackTests;
			productReference = BA0000000000000000000005 /* RackTests.xctest */;
			productType = "com.apple.product-type.bundle.unit-test";
		};
		BA000000000000000000001D /* RackWidgets */ = {
			isa = PBXNativeTarget;
			buildConfigurationList = BA0000000000000000000025 /* Build configuration list for PBXNativeTarget "RackWidgets" */;
			buildPhases = (
				BA000000000000000000001E /* Sources */,
				BA000000000000000000001F /* Frameworks */,
				BA0000000000000000000020 /* Resources */,
			);
			buildRules = (
			);
			fileSystemSynchronizedGroups = (
				BA000000000000000000001B /* RackWidgets */,
				BA000000000000000000001C /* Shared */,
			);
			name = RackWidgets;
			productName = RackWidgets;
			productReference = BA000000000000000000001A /* RackWidgets.appex */;
			productType = "com.apple.product-type.app-extension";
		};
/* End PBXNativeTarget section */

/* Begin PBXProject section */
		BA0000000000000000000001 /* Project object */ = {
			isa = PBXProject;
			attributes = {
				BuildIndependentTargetsInParallel = 1;
				LastSwiftUpdateCheck = 2700;
				LastUpgradeCheck = 2700;
				TargetAttributes = {
					BA0000000000000000000008 = {
						CreatedOnToolsVersion = 27.0;
					};
					BA0000000000000000000009 = {
						CreatedOnToolsVersion = 27.0;
						TestTargetID = BA0000000000000000000008;
					};
					BA000000000000000000001D = {
						CreatedOnToolsVersion = 27.0;
					};
				};
			};
			buildConfigurationList = BA0000000000000000000011 /* Build configuration list for PBXProject "Rack" */;
			developmentRegion = en;
			hasScannedForEncodings = 0;
			knownRegions = (
				en,
				Base,
			);
			mainGroup = BA0000000000000000000002;
			minimizedProjectReferenceProxies = 1;
			preferredProjectObjectVersion = 77;
			productRefGroup = BA0000000000000000000003 /* Products */;
			projectDirPath = "";
			projectRoot = "";
			targets = (
				BA0000000000000000000008 /* Rack */,
				BA000000000000000000001D /* RackWidgets */,
				BA0000000000000000000009 /* RackTests */,
			);
		};
/* End PBXProject section */

/* Begin PBXResourcesBuildPhase section */
		BA000000000000000000000C /* Resources */ = {
			isa = PBXResourcesBuildPhase;
			files = (
			);
		};
		BA0000000000000000000020 /* Resources */ = {
			isa = PBXResourcesBuildPhase;
			files = (
			);
		};
/* End PBXResourcesBuildPhase section */

/* Begin PBXSourcesBuildPhase section */
		BA000000000000000000000A /* Sources */ = {
			isa = PBXSourcesBuildPhase;
			files = (
			);
		};
		BA000000000000000000000D /* Sources */ = {
			isa = PBXSourcesBuildPhase;
			files = (
			);
		};
		BA000000000000000000001E /* Sources */ = {
			isa = PBXSourcesBuildPhase;
			files = (
			);
		};
/* End PBXSourcesBuildPhase section */

/* Begin PBXTargetDependency section */
		BA000000000000000000000F /* PBXTargetDependency */ = {
			isa = PBXTargetDependency;
			target = BA0000000000000000000008 /* Rack */;
			targetProxy = BA0000000000000000000010 /* PBXContainerItemProxy */;
		};
		BA0000000000000000000023 /* PBXTargetDependency */ = {
			isa = PBXTargetDependency;
			target = BA000000000000000000001D /* RackWidgets */;
			targetProxy = BA0000000000000000000024 /* PBXContainerItemProxy */;
		};
/* End PBXTargetDependency section */

/* Begin XCBuildConfiguration section */
		BA0000000000000000000012 /* Debug configuration for PBXProject "Rack" */ = {
			isa = XCBuildConfiguration;
			buildSettings = {
				ALWAYS_SEARCH_USER_PATHS = NO;
				ASSETCATALOG_COMPILER_GENERATE_SWIFT_ASSET_SYMBOL_EXTENSIONS = YES;
				CLANG_ANALYZER_NONNULL = YES;
				CLANG_ANALYZER_NUMBER_OBJECT_CONVERSION = YES_AGGRESSIVE;
				CLANG_ENABLE_MODULES = YES;
				CLANG_ENABLE_OBJC_ARC = YES;
				CLANG_ENABLE_OBJC_WEAK = YES;
				CLANG_WARN_BOOL_CONVERSION = YES;
				CLANG_WARN_COMMA = YES;
				CLANG_WARN_CONSTANT_CONVERSION = YES;
				CLANG_WARN_DOCUMENTATION_COMMENTS = YES;
				CLANG_WARN_EMPTY_BODY = YES;
				CLANG_WARN_ENUM_CONVERSION = YES;
				CLANG_WARN_INFINITE_RECURSION = YES;
				CLANG_WARN_INT_CONVERSION = YES;
				CLANG_WARN_NON_LITERAL_NULL_CONVERSION = YES;
				CLANG_WARN_RANGE_LOOP_ANALYSIS = YES;
				CLANG_WARN_STRICT_PROTOTYPES = YES;
				CLANG_WARN_SUSPICIOUS_MOVE = YES;
				CLANG_WARN_UNGUARDED_AVAILABILITY = YES_AGGRESSIVE;
				CLANG_WARN_UNREACHABLE_CODE = YES;
				COPY_PHASE_STRIP = NO;
				DEBUG_INFORMATION_FORMAT = dwarf;
				DEVELOPMENT_TEAM = 746X98AGJD;
				ENABLE_STRICT_OBJC_MSGSEND = YES;
				ENABLE_TESTABILITY = YES;
				ENABLE_USER_SCRIPT_SANDBOXING = YES;
				GCC_C_LANGUAGE_STANDARD = gnu17;
				GCC_DYNAMIC_NO_PIC = NO;
				GCC_NO_COMMON_BLOCKS = YES;
				GCC_OPTIMIZATION_LEVEL = 0;
				GCC_PREPROCESSOR_DEFINITIONS = (
					"DEBUG=1",
					"$(inherited)",
				);
				GCC_WARN_ABOUT_RETURN_TYPE = YES_ERROR;
				GCC_WARN_UNDECLARED_SELECTOR = YES;
				GCC_WARN_UNINITIALIZED_AUTOS = YES_AGGRESSIVE;
				GCC_WARN_UNUSED_FUNCTION = YES;
				GCC_WARN_UNUSED_VARIABLE = YES;
				IPHONEOS_DEPLOYMENT_TARGET = 27.0;
				LOCALIZATION_PREFERS_STRING_CATALOGS = YES;
				MTL_ENABLE_DEBUG_INFO = INCLUDE_SOURCE;
				MTL_FAST_MATH = YES;
				ONLY_ACTIVE_ARCH = YES;
				SDKROOT = iphoneos;
				SWIFT_ACTIVE_COMPILATION_CONDITIONS = "DEBUG $(inherited)";
				SWIFT_OPTIMIZATION_LEVEL = "-Onone";
			};
			name = Debug;
		};
		BA0000000000000000000013 /* Release configuration for PBXProject "Rack" */ = {
			isa = XCBuildConfiguration;
			buildSettings = {
				ALWAYS_SEARCH_USER_PATHS = NO;
				ASSETCATALOG_COMPILER_GENERATE_SWIFT_ASSET_SYMBOL_EXTENSIONS = YES;
				CLANG_ANALYZER_NONNULL = YES;
				CLANG_ANALYZER_NUMBER_OBJECT_CONVERSION = YES_AGGRESSIVE;
				CLANG_ENABLE_MODULES = YES;
				CLANG_ENABLE_OBJC_ARC = YES;
				CLANG_ENABLE_OBJC_WEAK = YES;
				CLANG_WARN_BOOL_CONVERSION = YES;
				CLANG_WARN_COMMA = YES;
				CLANG_WARN_CONSTANT_CONVERSION = YES;
				CLANG_WARN_DOCUMENTATION_COMMENTS = YES;
				CLANG_WARN_EMPTY_BODY = YES;
				CLANG_WARN_ENUM_CONVERSION = YES;
				CLANG_WARN_INFINITE_RECURSION = YES;
				CLANG_WARN_INT_CONVERSION = YES;
				CLANG_WARN_NON_LITERAL_NULL_CONVERSION = YES;
				CLANG_WARN_RANGE_LOOP_ANALYSIS = YES;
				CLANG_WARN_STRICT_PROTOTYPES = YES;
				CLANG_WARN_SUSPICIOUS_MOVE = YES;
				CLANG_WARN_UNGUARDED_AVAILABILITY = YES_AGGRESSIVE;
				CLANG_WARN_UNREACHABLE_CODE = YES;
				COPY_PHASE_STRIP = NO;
				DEBUG_INFORMATION_FORMAT = "dwarf-with-dsym";
				DEVELOPMENT_TEAM = 746X98AGJD;
				ENABLE_NS_ASSERTIONS = NO;
				ENABLE_STRICT_OBJC_MSGSEND = YES;
				ENABLE_USER_SCRIPT_SANDBOXING = YES;
				GCC_C_LANGUAGE_STANDARD = gnu17;
				GCC_NO_COMMON_BLOCKS = YES;
				GCC_WARN_ABOUT_RETURN_TYPE = YES_ERROR;
				GCC_WARN_UNDECLARED_SELECTOR = YES;
				GCC_WARN_UNINITIALIZED_AUTOS = YES_AGGRESSIVE;
				GCC_WARN_UNUSED_FUNCTION = YES;
				GCC_WARN_UNUSED_VARIABLE = YES;
				IPHONEOS_DEPLOYMENT_TARGET = 27.0;
				LOCALIZATION_PREFERS_STRING_CATALOGS = YES;
				MTL_ENABLE_DEBUG_INFO = NO;
				MTL_FAST_MATH = YES;
				SDKROOT = iphoneos;
				SWIFT_COMPILATION_MODE = wholemodule;
				VALIDATE_PRODUCT = YES;
			};
			name = Release;
		};
		BA0000000000000000000015 /* Debug configuration for PBXNativeTarget "Rack" */ = {
			isa = XCBuildConfiguration;
			buildSettings = {
				ASSETCATALOG_COMPILER_APPICON_NAME = AppIcon;
				ASSETCATALOG_COMPILER_GLOBAL_ACCENT_COLOR_NAME = AccentColor;
				CODE_SIGN_STYLE = Automatic;
				CURRENT_PROJECT_VERSION = 1;
				DEVELOPMENT_TEAM = 746X98AGJD;
				ENABLE_PREVIEWS = YES;
				GENERATE_INFOPLIST_FILE = YES;
				INFOPLIST_KEY_NSSupportsLiveActivities = YES;
				INFOPLIST_KEY_UIApplicationSceneManifest_Generation = YES;
				INFOPLIST_KEY_UIApplicationSupportsIndirectInputEvents = YES;
				INFOPLIST_KEY_UILaunchScreen_Generation = YES;
				INFOPLIST_KEY_UISupportedInterfaceOrientations_iPad = "UIInterfaceOrientationPortrait UIInterfaceOrientationPortraitUpsideDown UIInterfaceOrientationLandscapeLeft UIInterfaceOrientationLandscapeRight";
				INFOPLIST_KEY_UISupportedInterfaceOrientations_iPhone = "UIInterfaceOrientationPortrait UIInterfaceOrientationLandscapeLeft UIInterfaceOrientationLandscapeRight";
				LD_RUNPATH_SEARCH_PATHS = (
					"$(inherited)",
					"@executable_path/Frameworks",
				);
				MARKETING_VERSION = 1.0;
				PRODUCT_BUNDLE_IDENTIFIER = com.nickolas.Rack;
				PRODUCT_NAME = "$(TARGET_NAME)";
				STRING_CATALOG_GENERATE_SYMBOLS = YES;
				SWIFT_APPROACHABLE_CONCURRENCY = YES;
				SWIFT_DEFAULT_ACTOR_ISOLATION = MainActor;
				SWIFT_EMIT_LOC_STRINGS = YES;
				SWIFT_UPCOMING_FEATURE_MEMBER_IMPORT_VISIBILITY = YES;
				SWIFT_VERSION = 6.0;
				TARGETED_DEVICE_FAMILY = "1,2";
			};
			name = Debug;
		};
		BA0000000000000000000016 /* Release configuration for PBXNativeTarget "Rack" */ = {
			isa = XCBuildConfiguration;
			buildSettings = {
				ASSETCATALOG_COMPILER_APPICON_NAME = AppIcon;
				ASSETCATALOG_COMPILER_GLOBAL_ACCENT_COLOR_NAME = AccentColor;
				CODE_SIGN_STYLE = Automatic;
				CURRENT_PROJECT_VERSION = 1;
				DEVELOPMENT_TEAM = 746X98AGJD;
				ENABLE_PREVIEWS = YES;
				GENERATE_INFOPLIST_FILE = YES;
				INFOPLIST_KEY_NSSupportsLiveActivities = YES;
				INFOPLIST_KEY_UIApplicationSceneManifest_Generation = YES;
				INFOPLIST_KEY_UIApplicationSupportsIndirectInputEvents = YES;
				INFOPLIST_KEY_UILaunchScreen_Generation = YES;
				INFOPLIST_KEY_UISupportedInterfaceOrientations_iPad = "UIInterfaceOrientationPortrait UIInterfaceOrientationPortraitUpsideDown UIInterfaceOrientationLandscapeLeft UIInterfaceOrientationLandscapeRight";
				INFOPLIST_KEY_UISupportedInterfaceOrientations_iPhone = "UIInterfaceOrientationPortrait UIInterfaceOrientationLandscapeLeft UIInterfaceOrientationLandscapeRight";
				LD_RUNPATH_SEARCH_PATHS = (
					"$(inherited)",
					"@executable_path/Frameworks",
				);
				MARKETING_VERSION = 1.0;
				PRODUCT_BUNDLE_IDENTIFIER = com.nickolas.Rack;
				PRODUCT_NAME = "$(TARGET_NAME)";
				STRING_CATALOG_GENERATE_SYMBOLS = YES;
				SWIFT_APPROACHABLE_CONCURRENCY = YES;
				SWIFT_DEFAULT_ACTOR_ISOLATION = MainActor;
				SWIFT_EMIT_LOC_STRINGS = YES;
				SWIFT_UPCOMING_FEATURE_MEMBER_IMPORT_VISIBILITY = YES;
				SWIFT_VERSION = 6.0;
				TARGETED_DEVICE_FAMILY = "1,2";
			};
			name = Release;
		};
		BA0000000000000000000018 /* Debug configuration for PBXNativeTarget "RackTests" */ = {
			isa = XCBuildConfiguration;
			buildSettings = {
				ALWAYS_EMBED_SWIFT_STANDARD_LIBRARIES = YES;
				BUNDLE_LOADER = "$(TEST_HOST)";
				CODE_SIGN_STYLE = Automatic;
				CURRENT_PROJECT_VERSION = 1;
				DEVELOPMENT_TEAM = 746X98AGJD;
				GENERATE_INFOPLIST_FILE = YES;
				IPHONEOS_DEPLOYMENT_TARGET = 27.0;
				MARKETING_VERSION = 1.0;
				PRODUCT_BUNDLE_IDENTIFIER = com.nickolas.RackTests;
				PRODUCT_NAME = "$(TARGET_NAME)";
				SWIFT_APPROACHABLE_CONCURRENCY = YES;
				SWIFT_DEFAULT_ACTOR_ISOLATION = MainActor;
				SWIFT_EMIT_LOC_STRINGS = NO;
				SWIFT_VERSION = 6.0;
				TARGETED_DEVICE_FAMILY = "1,2";
				TEST_HOST = "$(BUILT_PRODUCTS_DIR)/Rack.app/$(BUNDLE_EXECUTABLE_FOLDER_PATH)/Rack";
			};
			name = Debug;
		};
		BA0000000000000000000019 /* Release configuration for PBXNativeTarget "RackTests" */ = {
			isa = XCBuildConfiguration;
			buildSettings = {
				ALWAYS_EMBED_SWIFT_STANDARD_LIBRARIES = YES;
				BUNDLE_LOADER = "$(TEST_HOST)";
				CODE_SIGN_STYLE = Automatic;
				CURRENT_PROJECT_VERSION = 1;
				DEVELOPMENT_TEAM = 746X98AGJD;
				GENERATE_INFOPLIST_FILE = YES;
				IPHONEOS_DEPLOYMENT_TARGET = 27.0;
				MARKETING_VERSION = 1.0;
				PRODUCT_BUNDLE_IDENTIFIER = com.nickolas.RackTests;
				PRODUCT_NAME = "$(TARGET_NAME)";
				SWIFT_APPROACHABLE_CONCURRENCY = YES;
				SWIFT_DEFAULT_ACTOR_ISOLATION = MainActor;
				SWIFT_EMIT_LOC_STRINGS = NO;
				SWIFT_VERSION = 6.0;
				TARGETED_DEVICE_FAMILY = "1,2";
				TEST_HOST = "$(BUILT_PRODUCTS_DIR)/Rack.app/$(BUNDLE_EXECUTABLE_FOLDER_PATH)/Rack";
			};
			name = Release;
		};
		BA0000000000000000000026 /* Debug configuration for PBXNativeTarget "RackWidgets" */ = {
			isa = XCBuildConfiguration;
			buildSettings = {
				ASSETCATALOG_COMPILER_GLOBAL_ACCENT_COLOR_NAME = AccentColor;
				CODE_SIGN_STYLE = Automatic;
				CURRENT_PROJECT_VERSION = 1;
				DEVELOPMENT_TEAM = 746X98AGJD;
				GENERATE_INFOPLIST_FILE = NO;
				INFOPLIST_FILE = "RackWidgets-Info.plist";
				INFOPLIST_KEY_CFBundleDisplayName = "Rack Rest Timer";
				IPHONEOS_DEPLOYMENT_TARGET = 27.0;
				LD_RUNPATH_SEARCH_PATHS = (
					"$(inherited)",
					"@executable_path/Frameworks",
					"@executable_path/../../Frameworks",
				);
				MARKETING_VERSION = 1.0;
				PRODUCT_BUNDLE_IDENTIFIER = com.nickolas.Rack.RackWidgets;
				PRODUCT_NAME = "$(TARGET_NAME)";
				SKIP_INSTALL = YES;
				SWIFT_APPROACHABLE_CONCURRENCY = YES;
				SWIFT_DEFAULT_ACTOR_ISOLATION = MainActor;
				SWIFT_EMIT_LOC_STRINGS = YES;
				SWIFT_VERSION = 6.0;
				TARGETED_DEVICE_FAMILY = "1,2";
			};
			name = Debug;
		};
		BA0000000000000000000027 /* Release configuration for PBXNativeTarget "RackWidgets" */ = {
			isa = XCBuildConfiguration;
			buildSettings = {
				ASSETCATALOG_COMPILER_GLOBAL_ACCENT_COLOR_NAME = AccentColor;
				CODE_SIGN_STYLE = Automatic;
				CURRENT_PROJECT_VERSION = 1;
				DEVELOPMENT_TEAM = 746X98AGJD;
				GENERATE_INFOPLIST_FILE = NO;
				INFOPLIST_FILE = "RackWidgets-Info.plist";
				INFOPLIST_KEY_CFBundleDisplayName = "Rack Rest Timer";
				IPHONEOS_DEPLOYMENT_TARGET = 27.0;
				LD_RUNPATH_SEARCH_PATHS = (
					"$(inherited)",
					"@executable_path/Frameworks",
					"@executable_path/../../Frameworks",
				);
				MARKETING_VERSION = 1.0;
				PRODUCT_BUNDLE_IDENTIFIER = com.nickolas.Rack.RackWidgets;
				PRODUCT_NAME = "$(TARGET_NAME)";
				SKIP_INSTALL = YES;
				SWIFT_APPROACHABLE_CONCURRENCY = YES;
				SWIFT_DEFAULT_ACTOR_ISOLATION = MainActor;
				SWIFT_EMIT_LOC_STRINGS = YES;
				SWIFT_VERSION = 6.0;
				TARGETED_DEVICE_FAMILY = "1,2";
			};
			name = Release;
		};
/* End XCBuildConfiguration section */

/* Begin XCConfigurationList section */
		BA0000000000000000000011 /* Build configuration list for PBXProject "Rack" */ = {
			isa = XCConfigurationList;
			buildConfigurations = (
				BA0000000000000000000012 /* Debug configuration for PBXProject "Rack" */,
				BA0000000000000000000013 /* Release configuration for PBXProject "Rack" */,
			);
			defaultConfigurationName = Release;
		};
		BA0000000000000000000014 /* Build configuration list for PBXNativeTarget "Rack" */ = {
			isa = XCConfigurationList;
			buildConfigurations = (
				BA0000000000000000000015 /* Debug configuration for PBXNativeTarget "Rack" */,
				BA0000000000000000000016 /* Release configuration for PBXNativeTarget "Rack" */,
			);
			defaultConfigurationName = Release;
		};
		BA0000000000000000000017 /* Build configuration list for PBXNativeTarget "RackTests" */ = {
			isa = XCConfigurationList;
			buildConfigurations = (
				BA0000000000000000000018 /* Debug configuration for PBXNativeTarget "RackTests" */,
				BA0000000000000000000019 /* Release configuration for PBXNativeTarget "RackTests" */,
			);
			defaultConfigurationName = Release;
		};
		BA0000000000000000000025 /* Build configuration list for PBXNativeTarget "RackWidgets" */ = {
			isa = XCConfigurationList;
			buildConfigurations = (
				BA0000000000000000000026 /* Debug configuration for PBXNativeTarget "RackWidgets" */,
				BA0000000000000000000027 /* Release configuration for PBXNativeTarget "RackWidgets" */,
			);
			defaultConfigurationName = Release;
		};
/* End XCConfigurationList section */
	};
	rootObject = BA0000000000000000000001 /* Project object */;
	validationLevel = 1;
}
